
Microsoft Visual Studio Solution File, Format Version 12.00
# Visual Studio 14
VisualStudioVersion = 14.0.23107.0
MinimumVisualStudioVersion = 10.0.40219.1
Project("{FAE04EC0-301F-11D3-BF4B-00C04F79EFBC}") = "Intro2D-12-Beispiel", "Intro2D-12-Beispiel\Intro2D-12-Beispiel.csproj", "{C398ABFB-2AE2-4525-99B1-23C6E1A5E084}"
EndProject
Global
	GlobalSection(SolutionConfigurationPlatforms) = preSolution
		Debug|Any CPU = Debug|Any CPU
		Release|Any CPU = Release|Any CPU
	EndGlobalSection
	GlobalSection(ProjectConfigurationPlatforms) = postSolution
		{C398ABFB-2AE2-4525-99B1-23C6E1A5E084}.Debug|Any CPU.ActiveCfg = Debug|Any CPU
		{C398ABFB-2AE2-4525-99B1-23C6E1A5E084}.Debug|Any CPU.Build.0 = Debug|Any CPU
		{C398ABFB-2AE2-4525-99B1-23C6E1A5E084}.Release|Any CPU.ActiveCfg = Release|Any CPU
		{C398ABFB-2AE2-4525-99B1-23C6E1A5E084}.Release|Any CPU.Build.0 = Release|Any CPU
	EndGlobalSection
	GlobalSection(SolutionProperties) = preSolution
		HideSolutionNode = FALSE
	EndGlobalSection
EndGlobal
